
Microsoft Visual Studio Solution File, Format Version 12.00
# Visual Studio Version 17
VisualStudioVersion = 17.3.32922.545
MinimumVisualStudioVersion = 10.0.40219.1
Project("{9A19103F-16F7-4668-BE54-9A1E7A4F7556}") = "ServerApp", "ServerApp.csproj", "{ABB2E810-B970-4191-8A0D-4E69C3CC7652}"
EndProject
Global
	GlobalSection(SolutionConfigurationPlatforms) = preSolution
		Debug|Any CPU = Debug|Any CPU
		Release|Any CPU = Release|Any CPU
	EndGlobalSection
	GlobalSection(ProjectConfigurationPlatforms) = postSolution
		{ABB2E810-B970-4191-8A0D-4E69C3CC7652}.Debug|Any CPU.ActiveCfg = Debug|Any CPU
		{ABB2E810-B970-4191-8A0D-4E69C3CC7652}.Debug|Any CPU.Build.0 = Debug|Any CPU
		{ABB2E810-B970-4191-8A0D-4E69C3CC7652}.Release|Any CPU.ActiveCfg = Release|Any CPU
		{ABB2E810-B970-4191-8A0D-4E69C3CC7652}.Release|Any CPU.Build.0 = Release|Any CPU
	EndGlobalSection
	GlobalSection(SolutionProperties) = preSolution
		HideSolutionNode = FALSE
	EndGlobalSection
	GlobalSection(ExtensibilityGlobals) = postSolution
		SolutionGuid = {EA250021-E1CD-47FD-8EB0-496EF3D82E4A}
	EndGlobalSection
EndGlobal
